
Microsoft Visual Studio Solution File, Format Version 12.00
# Visual Studio Version 17
VisualStudioVersion = 17.1.32319.34
MinimumVisualStudioVersion = 10.0.40219.1
Project("{9A19103F-16F7-4668-BE54-9A1E7A4F7556}") = "net6-Hangfire.Web.API", "net6-Hangfire.web.api\net6-Hangfire.Web.API.csproj", "{BFB8FA61-D016-4E1C-8989-2E91ABD268CF}"
EndProject
Global
	GlobalSection(SolutionConfigurationPlatforms) = preSolution
		Debug|Any CPU = Debug|Any CPU
		Release|Any CPU = Release|Any CPU
	EndGlobalSection
	GlobalSection(ProjectConfigurationPlatforms) = postSolution
		{BFB8FA61-D016-4E1C-8989-2E91ABD268CF}.Debug|Any CPU.ActiveCfg = Debug|Any CPU
		{BFB8FA61-D016-4E1C-8989-2E91ABD268CF}.Debug|Any CPU.Build.0 = Debug|Any CPU
		{BFB8FA61-D016-4E1C-8989-2E91ABD268CF}.Release|Any CPU.ActiveCfg = Release|Any CPU
		{BFB8FA61-D016-4E1C-8989-2E91ABD268CF}.Release|Any CPU.Build.0 = Release|Any CPU
	EndGlobalSection
	GlobalSection(SolutionProperties) = preSolution
		HideSolutionNode = FALSE
	EndGlobalSection
	GlobalSection(ExtensibilityGlobals) = postSolution
		SolutionGuid = {1E480757-107F-40A9-A8A1-36C85311200B}
	EndGlobalSection
EndGlobal
